// !$*UTF8*$!
{
	archiveVersion = 1;
	classes = {
	};
	objectVersion = 56;
	objects = {

/* Begin PBXBuildFile section */
		741CE9B92B94E08C009EFC01 /* ErrorHandling.swift in Sources */ = {isa = PBXBuildFile; fileRef = 741CE9B82B94E08C009EFC01 /* ErrorHandling.swift */; };
		742C7AA32BA30A8400ADBF45 /* TSArray.swift in Sources */ = {isa = PBXBuildFile; fileRef = 742C7AA22BA30A8400ADBF45 /* TSArray.swift */; };
		743AAE332B96FAAB00E8F601 /* MultiSelector.swift in Sources */ = {isa = PBXBuildFile; fileRef = 743AAE322B96FAAB00E8F601 /* MultiSelector.swift */; };
		743AAE352B96FC6200E8F601 /* MultiSelectionView.swift in Sources */ = {isa = PBXBuildFile; fileRef = 743AAE342B96FC6200E8F601 /* MultiSelectionView.swift */; };
		743AAE382B9710A500E8F601 /* MovieConnector.swift in Sources */ = {isa = PBXBuildFile; fileRef = 743AAE372B9710A500E8F601 /* MovieConnector.swift */; };
		743AAE3A2B97185300E8F601 /* UserConnector.swift in Sources */ = {isa = PBXBuildFile; fileRef = 743AAE392B97185300E8F601 /* UserConnector.swift */; };
		74401EFB2B960085004BD45D /* MovieListViewModel.swift in Sources */ = {isa = PBXBuildFile; fileRef = 74401EFA2B960084004BD45D /* MovieListViewModel.swift */; };
		74401EFF2B960DFE004BD45D /* NewMovie.swift in Sources */ = {isa = PBXBuildFile; fileRef = 74401EFE2B960DFE004BD45D /* NewMovie.swift */; };
		7440A34C2BA48F4E00B8ED84 /* FavouritesConnector.swift in Sources */ = {isa = PBXBuildFile; fileRef = 7440A34B2BA48F4E00B8ED84 /* FavouritesConnector.swift */; };
		7440A34E2BA49D6B00B8ED84 /* NewMovieViewModel.swift in Sources */ = {isa = PBXBuildFile; fileRef = 7440A34D2BA49D6B00B8ED84 /* NewMovieViewModel.swift */; };
		7447B90F2B94875A00F6B601 /* SettingsRowView.swift in Sources */ = {isa = PBXBuildFile; fileRef = 7447B90E2B94875A00F6B601 /* SettingsRowView.swift */; };
		7447B9112B94897100F6B601 /* User.swift in Sources */ = {isa = PBXBuildFile; fileRef = 7447B9102B94897100F6B601 /* User.swift */; };
		7447B9172B948E1100F6B601 /* AuthViewModel.swift in Sources */ = {isa = PBXBuildFile; fileRef = 7447B9162B948E1100F6B601 /* AuthViewModel.swift */; };
		7447B91A2B94909A00F6B601 /* ContentView.swift in Sources */ = {isa = PBXBuildFile; fileRef = 7447B9192B94909A00F6B601 /* ContentView.swift */; };
		7447B91D2B94959100F6B601 /* FirebaseFirestoreSwift in Frameworks */ = {isa = PBXBuildFile; productRef = 7447B91C2B94959100F6B601 /* FirebaseFirestoreSwift */; };
		7463FF9B2BA1C5FA00A60A13 /* Favourites.swift in Sources */ = {isa = PBXBuildFile; fileRef = 7463FF9A2BA1C5FA00A60A13 /* Favourites.swift */; };
		7463FF9D2BA1C79000A60A13 /* FavouritesViewModel.swift in Sources */ = {isa = PBXBuildFile; fileRef = 7463FF9C2BA1C79000A60A13 /* FavouritesViewModel.swift */; };
		746D42AC2B92F85500B933AA /* LoginView.swift in Sources */ = {isa = PBXBuildFile; fileRef = 746D42AB2B92F85500B933AA /* LoginView.swift */; };
		746D42AE2B92F8B500B933AA /* InputView.swift in Sources */ = {isa = PBXBuildFile; fileRef = 746D42AD2B92F8B500B933AA /* InputView.swift */; };
		746D42B02B93078200B933AA /* RegistrationView.swift in Sources */ = {isa = PBXBuildFile; fileRef = 746D42AF2B93078200B933AA /* RegistrationView.swift */; };
		746D42B22B930D5C00B933AA /* ProfileView.swift in Sources */ = {isa = PBXBuildFile; fileRef = 746D42B12B930D5C00B933AA /* ProfileView.swift */; };
		74C08B3A2B920563003A37F2 /* MovieRankApp.swift in Sources */ = {isa = PBXBuildFile; fileRef = 74C08B392B920563003A37F2 /* MovieRankApp.swift */; };
		74C08B3E2B920565003A37F2 /* Assets.xcassets in Resources */ = {isa = PBXBuildFile; fileRef = 74C08B3D2B920565003A37F2 /* Assets.xcassets */; };
		74C08B412B920565003A37F2 /* Preview Assets.xcassets in Resources */ = {isa = PBXBuildFile; fileRef = 74C08B402B920565003A37F2 /* Preview Assets.xcassets */; };
		74C08B482B9205EB003A37F2 /* GoogleService-Info.plist in Resources */ = {isa = PBXBuildFile; fileRef = 74C08B472B9205EB003A37F2 /* GoogleService-Info.plist */; };
		74C08B4B2B9206BF003A37F2 /* FirebaseAnalytics in Frameworks */ = {isa = PBXBuildFile; productRef = 74C08B4A2B9206BF003A37F2 /* FirebaseAnalytics */; };
		74C08B4D2B9206BF003A37F2 /* FirebaseAuth in Frameworks */ = {isa = PBXBuildFile; productRef = 74C08B4C2B9206BF003A37F2 /* FirebaseAuth */; };
		74C08B532B9206F5003A37F2 /* Movie.swift in Sources */ = {isa = PBXBuildFile; fileRef = 74C08B522B9206F5003A37F2 /* Movie.swift */; };
		74C08B5A2B920C1A003A37F2 /* MovieRow.swift in Sources */ = {isa = PBXBuildFile; fileRef = 74C08B592B920C1A003A37F2 /* MovieRow.swift */; };
		74C08B5E2B92151F003A37F2 /* MovieList.swift in Sources */ = {isa = PBXBuildFile; fileRef = 74C08B5D2B92151F003A37F2 /* MovieList.swift */; };
		74C08B602B92180B003A37F2 /* MovieDetail.swift in Sources */ = {isa = PBXBuildFile; fileRef = 74C08B5F2B92180B003A37F2 /* MovieDetail.swift */; };
		96A057A02B9B12650023F700 /* InfoLine.swift in Sources */ = {isa = PBXBuildFile; fileRef = 96A0579F2B9B12650023F700 /* InfoLine.swift */; };
		96A281992B999ED500871D18 /* ButtonWithResultNotificationAndErrorHandling.swift in Sources */ = {isa = PBXBuildFile; fileRef = 96A281982B999ED500871D18 /* ButtonWithResultNotificationAndErrorHandling.swift */; };
/* End PBXBuildFile section */

/* Begin PBXFileReference section */
		741CE9B82B94E08C009EFC01 /* ErrorHandling.swift */ = {isa = PBXFileReference; lastKnownFileType = sourcecode.swift; path = ErrorHandling.swift; sourceTree = "<group>"; };
		742C7AA22BA30A8400ADBF45 /* TSArray.swift */ = {isa = PBXFileReference; lastKnownFileType = sourcecode.swift; path = TSArray.swift; sourceTree = "<group>"; };
		743AAE322B96FAAB00E8F601 /* MultiSelector.swift */ = {isa = PBXFileReference; lastKnownFileType = sourcecode.swift; path = MultiSelector.swift; sourceTree = "<group>"; };
		743AAE342B96FC6200E8F601 /* MultiSelectionView.swift */ = {isa = PBXFileReference; lastKnownFileType = sourcecode.swift; path = MultiSelectionView.swift; sourceTree = "<group>"; };
		743AAE372B9710A500E8F601 /* MovieConnector.swift */ = {isa = PBXFileReference; lastKnownFileType = sourcecode.swift; path = MovieConnector.swift; sourceTree = "<group>"; };
		743AAE392B97185300E8F601 /* UserConnector.swift */ = {isa = PBXFileReference; lastKnownFileType = sourcecode.swift; path = UserConnector.swift; sourceTree = "<group>"; };
		74401EFA2B960084004BD45D /* MovieListViewModel.swift */ = {isa = PBXFileReference; lastKnownFileType = sourcecode.swift; path = MovieListViewModel.swift; sourceTree = "<group>"; };
		74401EFE2B960DFE004BD45D /* NewMovie.swift */ = {isa = PBXFileReference; lastKnownFileType = sourcecode.swift; path = NewMovie.swift; sourceTree = "<group>"; };
		7440A34B2BA48F4E00B8ED84 /* FavouritesConnector.swift */ = {isa = PBXFileReference; lastKnownFileType = sourcecode.swift; path = FavouritesConnector.swift; sourceTree = "<group>"; };
		7440A34D2BA49D6B00B8ED84 /* NewMovieViewModel.swift */ = {isa = PBXFileReference; lastKnownFileType = sourcecode.swift; path = NewMovieViewModel.swift; sourceTree = "<group>"; };
		7447B90E2B94875A00F6B601 /* SettingsRowView.swift */ = {isa = PBXFileReference; lastKnownFileType = sourcecode.swift; path = SettingsRowView.swift; sourceTree = "<group>"; };
		7447B9102B94897100F6B601 /* User.swift */ = {isa = PBXFileReference; lastKnownFileType = sourcecode.swift; path = User.swift; sourceTree = "<group>"; };
		7447B9162B948E1100F6B601 /* AuthViewModel.swift */ = {isa = PBXFileReference; lastKnownFileType = sourcecode.swift; path = AuthViewModel.swift; sourceTree = "<group>"; };
		7447B9192B94909A00F6B601 /* ContentView.swift */ = {isa = PBXFileReference; lastKnownFileType = sourcecode.swift; path = ContentView.swift; sourceTree = "<group>"; };
		7463FF9A2BA1C5FA00A60A13 /* Favourites.swift */ = {isa = PBXFileReference; lastKnownFileType = sourcecode.swift; path = Favourites.swift; sourceTree = "<group>"; };
		7463FF9C2BA1C79000A60A13 /* FavouritesViewModel.swift */ = {isa = PBXFileReference; lastKnownFileType = sourcecode.swift; path = FavouritesViewModel.swift; sourceTree = "<group>"; };
		746D42AB2B92F85500B933AA /* LoginView.swift */ = {isa = PBXFileReference; lastKnownFileType = sourcecode.swift; path = LoginView.swift; sourceTree = "<group>"; };
		746D42AD2B92F8B500B933AA /* InputView.swift */ = {isa = PBXFileReference; lastKnownFileType = sourcecode.swift; path = InputView.swift; sourceTree = "<group>"; };
		746D42AF2B93078200B933AA /* RegistrationView.swift */ = {isa = PBXFileReference; lastKnownFileType = sourcecode.swift; path = RegistrationView.swift; sourceTree = "<group>"; };
		746D42B12B930D5C00B933AA /* ProfileView.swift */ = {isa = PBXFileReference; lastKnownFileType = sourcecode.swift; path = ProfileView.swift; sourceTree = "<group>"; };
		74C08B362B920563003A37F2 /* MovieRank.app */ = {isa = PBXFileReference; explicitFileType = wrapper.application; includeInIndex = 0; path = MovieRank.app; sourceTree = BUILT_PRODUCTS_DIR; };
		74C08B392B920563003A37F2 /* MovieRankApp.swift */ = {isa = PBXFileReference; lastKnownFileType = sourcecode.swift; path = MovieRankApp.swift; sourceTree = "<group>"; };
		74C08B3D2B920565003A37F2 /* Assets.xcassets */ = {isa = PBXFileReference; lastKnownFileType = folder.assetcatalog; path = Assets.xcassets; sourceTree = "<group>"; };
		74C08B402B920565003A37F2 /* Preview Assets.xcassets */ = {isa = PBXFileReference; lastKnownFileType = folder.assetcatalog; path = "Preview Assets.xcassets"; sourceTree = "<group>"; };
		74C08B472B9205EB003A37F2 /* GoogleService-Info.plist */ = {isa = PBXFileReference; fileEncoding = 4; lastKnownFileType = text.plist.xml; path = "GoogleService-Info.plist"; sourceTree = "<group>"; };
		74C08B522B9206F5003A37F2 /* Movie.swift */ = {isa = PBXFileReference; lastKnownFileType = sourcecode.swift; path = Movie.swift; sourceTree = "<group>"; };
		74C08B592B920C1A003A37F2 /* MovieRow.swift */ = {isa = PBXFileReference; lastKnownFileType = sourcecode.swift; path = MovieRow.swift; sourceTree = "<group>"; };
		74C08B5D2B92151F003A37F2 /* MovieList.swift */ = {isa = PBXFileReference; lastKnownFileType = sourcecode.swift; path = MovieList.swift; sourceTree = "<group>"; };
		74C08B5F2B92180B003A37F2 /* MovieDetail.swift */ = {isa = PBXFileReference; lastKnownFileType = sourcecode.swift; path = MovieDetail.swift; sourceTree = "<group>"; };
		96A0579F2B9B12650023F700 /* InfoLine.swift */ = {isa = PBXFileReference; lastKnownFileType = sourcecode.swift; path = InfoLine.swift; sourceTree = "<group>"; };
		96A281982B999ED500871D18 /* ButtonWithResultNotificationAndErrorHandling.swift */ = {isa = PBXFileReference; lastKnownFileType = sourcecode.swift; path = ButtonWithResultNotificationAndErrorHandling.swift; sourceTree = "<group>"; };
/* End PBXFileReference section */

/* Begin PBXFrameworksBuildPhase section */
		74C08B332B920563003A37F2 /* Frameworks */ = {
			isa = PBXFrameworksBuildPhase;
			buildActionMask = 2147483647;
			files = (
				7447B91D2B94959100F6B601 /* FirebaseFirestoreSwift in Frameworks */,
				74C08B4B2B9206BF003A37F2 /* FirebaseAnalytics in Frameworks */,
				74C08B4D2B9206BF003A37F2 /* FirebaseAuth in Frameworks */,
			);
			runOnlyForDeploymentPostprocessing = 0;
		};
/* End PBXFrameworksBuildPhase section */

/* Begin PBXGroup section */
		741CE9B72B94E015009EFC01 /* Util */ = {
			isa = PBXGroup;
			children = (
				7447B90E2B94875A00F6B601 /* SettingsRowView.swift */,
				746D42AD2B92F8B500B933AA /* InputView.swift */,
				741CE9B82B94E08C009EFC01 /* ErrorHandling.swift */,
				743AAE322B96FAAB00E8F601 /* MultiSelector.swift */,
				743AAE342B96FC6200E8F601 /* MultiSelectionView.swift */,
				96A281982B999ED500871D18 /* ButtonWithResultNotificationAndErrorHandling.swift */,
				96A0579F2B9B12650023F700 /* InfoLine.swift */,
				742C7AA22BA30A8400ADBF45 /* TSArray.swift */,
			);
			path = Util;
			sourceTree = "<group>";
		};
		743AAE312B96F80100E8F601 /* NewMovie */ = {
			isa = PBXGroup;
			children = (
				74401EFE2B960DFE004BD45D /* NewMovie.swift */,
				7440A34D2BA49D6B00B8ED84 /* NewMovieViewModel.swift */,
			);
			path = NewMovie;
			sourceTree = "<group>";
		};
		743AAE362B97107000E8F601 /* DBConnectors */ = {
			isa = PBXGroup;
			children = (
				743AAE372B9710A500E8F601 /* MovieConnector.swift */,
				743AAE392B97185300E8F601 /* UserConnector.swift */,
				7440A34B2BA48F4E00B8ED84 /* FavouritesConnector.swift */,
			);
			path = DBConnectors;
			sourceTree = "<group>";
		};
		74401EF72B960042004BD45D /* MovieList */ = {
			isa = PBXGroup;
			children = (
				747A2F1B2BA5F171006711B6 /* Detail */,
				74401EFA2B960084004BD45D /* MovieListViewModel.swift */,
				74C08B592B920C1A003A37F2 /* MovieRow.swift */,
				74C08B5D2B92151F003A37F2 /* MovieList.swift */,
			);
			path = MovieList;
			sourceTree = "<group>";
		};
		74401F002B961F9D004BD45D /* MovieDetail */ = {
			isa = PBXGroup;
			children = (
			);
			path = MovieDetail;
			sourceTree = "<group>";
		};
		7447B9122B948D7C00F6B601 /* Authentication */ = {
			isa = PBXGroup;
			children = (
				7447B9152B948DB900F6B601 /* View */,
				7447B9142B948DA600F6B601 /* ViewModel */,
			);
			path = Authentication;
			sourceTree = "<group>";
		};
		7447B9142B948DA600F6B601 /* ViewModel */ = {
			isa = PBXGroup;
			children = (
				7447B9162B948E1100F6B601 /* AuthViewModel.swift */,
			);
			path = ViewModel;
			sourceTree = "<group>";
		};
		7447B9152B948DB900F6B601 /* View */ = {
			isa = PBXGroup;
			children = (
				746D42AF2B93078200B933AA /* RegistrationView.swift */,
				746D42AB2B92F85500B933AA /* LoginView.swift */,
			);
			path = View;
			sourceTree = "<group>";
		};
		7447B9182B94908D00F6B601 /* Root */ = {
			isa = PBXGroup;
			children = (
				7447B9192B94909A00F6B601 /* ContentView.swift */,
			);
			path = Root;
			sourceTree = "<group>";
		};
		7447B91B2B94959100F6B601 /* Frameworks */ = {
			isa = PBXGroup;
			children = (
			);
			name = Frameworks;
			sourceTree = "<group>";
		};
		7463FF992BA1C5CA00A60A13 /* Favourites */ = {
			isa = PBXGroup;
			children = (
				7463FF9A2BA1C5FA00A60A13 /* Favourites.swift */,
				7463FF9C2BA1C79000A60A13 /* FavouritesViewModel.swift */,
			);
			path = Favourites;
			sourceTree = "<group>";
		};
		747A2F1B2BA5F171006711B6 /* Detail */ = {
			isa = PBXGroup;
			children = (
				74C08B5F2B92180B003A37F2 /* MovieDetail.swift */,
			);
			path = Detail;
			sourceTree = "<group>";
		};
		74C08B2D2B920563003A37F2 = {
			isa = PBXGroup;
			children = (
				74C08B382B920563003A37F2 /* MovieRank */,
				74C08B372B920563003A37F2 /* Products */,
				7447B91B2B94959100F6B601 /* Frameworks */,
			);
			sourceTree = "<group>";
		};
		74C08B372B920563003A37F2 /* Products */ = {
			isa = PBXGroup;
			children = (
				74C08B362B920563003A37F2 /* MovieRank.app */,
			);
			name = Products;
			sourceTree = "<group>";
		};
		74C08B382B920563003A37F2 /* MovieRank */ = {
			isa = PBXGroup;
			children = (
				7463FF992BA1C5CA00A60A13 /* Favourites */,
				96A637F22B98E3160065220E /* Profile */,
				743AAE362B97107000E8F601 /* DBConnectors */,
				743AAE312B96F80100E8F601 /* NewMovie */,
				74401F002B961F9D004BD45D /* MovieDetail */,
				74401EF72B960042004BD45D /* MovieList */,
				741CE9B72B94E015009EFC01 /* Util */,
				7447B9182B94908D00F6B601 /* Root */,
				7447B9122B948D7C00F6B601 /* Authentication */,
				74C08B552B920A11003A37F2 /* Model */,
				74C08B472B9205EB003A37F2 /* GoogleService-Info.plist */,
				74C08B392B920563003A37F2 /* MovieRankApp.swift */,
				74C08B3D2B920565003A37F2 /* Assets.xcassets */,
				74C08B3F2B920565003A37F2 /* Preview Content */,
			);
			path = MovieRank;
			sourceTree = "<group>";
		};
		74C08B3F2B920565003A37F2 /* Preview Content */ = {
			isa = PBXGroup;
			children = (
				74C08B402B920565003A37F2 /* Preview Assets.xcassets */,
			);
			path = "Preview Content";
			sourceTree = "<group>";
		};
		74C08B552B920A11003A37F2 /* Model */ = {
			isa = PBXGroup;
			children = (
				74C08B522B9206F5003A37F2 /* Movie.swift */,
				7447B9102B94897100F6B601 /* User.swift */,
			);
			path = Model;
			sourceTree = "<group>";
		};
		96A637F22B98E3160065220E /* Profile */ = {
			isa = PBXGroup;
			children = (
				746D42B12B930D5C00B933AA /* ProfileView.swift */,
			);
			path = Profile;
			sourceTree = "<group>";
		};
/* End PBXGroup section */

/* Begin PBXNativeTarget section */
		74C08B352B920563003A37F2 /* MovieRank */ = {
			isa = PBXNativeTarget;
			buildConfigurationList = 74C08B442B920565003A37F2 /* Build configuration list for PBXNativeTarget "MovieRank" */;
			buildPhases = (
				74C08B322B920563003A37F2 /* Sources */,
				74C08B332B920563003A37F2 /* Frameworks */,
				74C08B342B920563003A37F2 /* Resources */,
			);
			buildRules = (
			);
			dependencies = (
			);
			name = MovieRank;
			packageProductDependencies = (
				74C08B4A2B9206BF003A37F2 /* FirebaseAnalytics */,
				74C08B4C2B9206BF003A37F2 /* FirebaseAuth */,
				7447B91C2B94959100F6B601 /* FirebaseFirestoreSwift */,
			);
			productName = MovieRank;
			productReference = 74C08B362B920563003A37F2 /* MovieRank.app */;
			productType = "com.apple.product-type.application";
		};
/* End PBXNativeTarget section */

/* Begin PBXProject section */
		74C08B2E2B920563003A37F2 /* Project object */ = {
			isa = PBXProject;
			attributes = {
				BuildIndependentTargetsInParallel = 1;
				LastSwiftUpdateCheck = 1420;
				LastUpgradeCheck = 1520;
				TargetAttributes = {
					74C08B352B920563003A37F2 = {
						CreatedOnToolsVersion = 14.2;
					};
				};
			};
			buildConfigurationList = 74C08B312B920563003A37F2 /* Build configuration list for PBXProject "MovieRank" */;
			compatibilityVersion = "Xcode 14.0";
			developmentRegion = en;
			hasScannedForEncodings = 0;
			knownRegions = (
				en,
				Base,
			);
			mainGroup = 74C08B2D2B920563003A37F2;
			packageReferences = (
				74C08B492B9206BF003A37F2 /* XCRemoteSwiftPackageReference "firebase-ios-sdk" */,
			);
			productRefGroup = 74C08B372B920563003A37F2 /* Products */;
			projectDirPath = "";
			projectRoot = "";
			targets = (
				74C08B352B920563003A37F2 /* MovieRank */,
			);
		};
/* End PBXProject section */

/* Begin PBXResourcesBuildPhase section */
		74C08B342B920563003A37F2 /* Resources */ = {
			isa = PBXResourcesBuildPhase;
			buildActionMask = 2147483647;
			files = (
				74C08B412B920565003A37F2 /* Preview Assets.xcassets in Resources */,
				74C08B3E2B920565003A37F2 /* Assets.xcassets in Resources */,
				74C08B482B9205EB003A37F2 /* GoogleService-Info.plist in Resources */,
			);
			runOnlyForDeploymentPostprocessing = 0;
		};
/* End PBXResourcesBuildPhase section */

/* Begin PBXSourcesBuildPhase section */
		74C08B322B920563003A37F2 /* Sources */ = {
			isa = PBXSourcesBuildPhase;
			buildActionMask = 2147483647;
			files = (
				74C08B5E2B92151F003A37F2 /* MovieList.swift in Sources */,
				746D42AC2B92F85500B933AA /* LoginView.swift in Sources */,
				7447B91A2B94909A00F6B601 /* ContentView.swift in Sources */,
				746D42B22B930D5C00B933AA /* ProfileView.swift in Sources */,
				7440A34E2BA49D6B00B8ED84 /* NewMovieViewModel.swift in Sources */,
				74C08B602B92180B003A37F2 /* MovieDetail.swift in Sources */,
				96A057A02B9B12650023F700 /* InfoLine.swift in Sources */,
				746D42B02B93078200B933AA /* RegistrationView.swift in Sources */,
				743AAE3A2B97185300E8F601 /* UserConnector.swift in Sources */,
				7463FF9D2BA1C79000A60A13 /* FavouritesViewModel.swift in Sources */,
				743AAE382B9710A500E8F601 /* MovieConnector.swift in Sources */,
				743AAE332B96FAAB00E8F601 /* MultiSelector.swift in Sources */,
				74C08B5A2B920C1A003A37F2 /* MovieRow.swift in Sources */,
				7447B90F2B94875A00F6B601 /* SettingsRowView.swift in Sources */,
				7447B9112B94897100F6B601 /* User.swift in Sources */,
				746D42AE2B92F8B500B933AA /* InputView.swift in Sources */,
				74401EFB2B960085004BD45D /* MovieListViewModel.swift in Sources */,
				74401EFF2B960DFE004BD45D /* NewMovie.swift in Sources */,
				7440A34C2BA48F4E00B8ED84 /* FavouritesConnector.swift in Sources */,
				7463FF9B2BA1C5FA00A60A13 /* Favourites.swift in Sources */,
				74C08B3A2B920563003A37F2 /* MovieRankApp.swift in Sources */,
				741CE9B92B94E08C009EFC01 /* ErrorHandling.swift in Sources */,
				7447B9172B948E1100F6B601 /* AuthViewModel.swift in Sources */,
				96A281992B999ED500871D18 /* ButtonWithResultNotificationAndErrorHandling.swift in Sources */,
				74C08B532B9206F5003A37F2 /* Movie.swift in Sources */,
				743AAE352B96FC6200E8F601 /* MultiSelectionView.swift in Sources */,
				742C7AA32BA30A8400ADBF45 /* TSArray.swift in Sources */,
			);
			runOnlyForDeploymentPostprocessing = 0;
		};
/* End PBXSourcesBuildPhase section */

/* Begin XCBuildConfiguration section */
		74C08B422B920565003A37F2 /* Debug */ = {
			isa = XCBuildConfiguration;
			buildSettings = {
				ALWAYS_SEARCH_USER_PATHS = NO;
				CLANG_ANALYZER_NONNULL = YES;
				CLANG_ANALYZER_NUMBER_OBJECT_CONVERSION = YES_AGGRESSIVE;
				CLANG_CXX_LANGUAGE_STANDARD = "gnu++20";
				CLANG_ENABLE_MODULES = YES;
				CLANG_ENABLE_OBJC_ARC = YES;
				CLANG_ENABLE_OBJC_WEAK = YES;
				CLANG_WARN_BLOCK_CAPTURE_AUTORELEASING = YES;
				CLANG_WARN_BOOL_CONVERSION = YES;
				CLANG_WARN_COMMA = YES;
				CLANG_WARN_CONSTANT_CONVERSION = YES;
				CLANG_WARN_DEPRECATED_OBJC_IMPLEMENTATIONS = YES;
				CLANG_WARN_DIRECT_OBJC_ISA_USAGE = YES_ERROR;
				CLANG_WARN_DOCUMENTATION_COMMENTS = YES;
				CLANG_WARN_EMPTY_BODY = YES;
				CLANG_WARN_ENUM_CONVERSION = YES;
				CLANG_WARN_INFINITE_RECURSION = YES;
				CLANG_WARN_INT_CONVERSION = YES;
				CLANG_WARN_NON_LITERAL_NULL_CONVERSION = YES;
				CLANG_WARN_OBJC_IMPLICIT_RETAIN_SELF = YES;
				CLANG_WARN_OBJC_LITERAL_CONVERSION = YES;
				CLANG_WARN_OBJC_ROOT_CLASS = YES_ERROR;
				CLANG_WARN_QUOTED_INCLUDE_IN_FRAMEWORK_HEADER = YES;
				CLANG_WARN_RANGE_LOOP_ANALYSIS = YES;
				CLANG_WARN_STRICT_PROTOTYPES = YES;
				CLANG_WARN_SUSPICIOUS_MOVE = YES;
				CLANG_WARN_UNGUARDED_AVAILABILITY = YES_AGGRESSIVE;
				CLANG_WARN_UNREACHABLE_CODE = YES;
				CLANG_WARN__DUPLICATE_METHOD_MATCH = YES;
				COPY_PHASE_STRIP = NO;
				DEBUG_INFORMATION_FORMAT = dwarf;
				ENABLE_STRICT_OBJC_MSGSEND = YES;
				ENABLE_TESTABILITY = YES;
				ENABLE_USER_SCRIPT_SANDBOXING = YES;
				GCC_C_LANGUAGE_STANDARD = gnu11;
				GCC_DYNAMIC_NO_PIC = NO;
				GCC_NO_COMMON_BLOCKS = YES;
				GCC_OPTIMIZATION_LEVEL = 0;
				GCC_PREPROCESSOR_DEFINITIONS = (
					"DEBUG=1",
					"$(inherited)",
				);
				GCC_WARN_64_TO_32_BIT_CONVERSION = YES;
				GCC_WARN_ABOUT_RETURN_TYPE = YES_ERROR;
				GCC_WARN_UNDECLARED_SELECTOR = YES;
				GCC_WARN_UNINITIALIZED_AUTOS = YES_AGGRESSIVE;
				GCC_WARN_UNUSED_FUNCTION = YES;
				GCC_WARN_UNUSED_VARIABLE = YES;
				IPHONEOS_DEPLOYMENT_TARGET = 16.2;
				MTL_ENABLE_DEBUG_INFO = INCLUDE_SOURCE;
				MTL_FAST_MATH = YES;
				ONLY_ACTIVE_ARCH = YES;
				SDKROOT = iphoneos;
				SWIFT_ACTIVE_COMPILATION_CONDITIONS = DEBUG;
				SWIFT_OPTIMIZATION_LEVEL = "-Onone";
			};
			name = Debug;
		};
		74C08B432B920565003A37F2 /* Release */ = {
			isa = XCBuildConfiguration;
			buildSettings = {
				ALWAYS_SEARCH_USER_PATHS = NO;
				CLANG_ANALYZER_NONNULL = YES;
				CLANG_ANALYZER_NUMBER_OBJECT_CONVERSION = YES_AGGRESSIVE;
				CLANG_CXX_LANGUAGE_STANDARD = "gnu++20";
				CLANG_ENABLE_MODULES = YES;
				CLANG_ENABLE_OBJC_ARC = YES;
				CLANG_ENABLE_OBJC_WEAK = YES;
				CLANG_WARN_BLOCK_CAPTURE_AUTORELEASING = YES;
				CLANG_WARN_BOOL_CONVERSION = YES;
				CLANG_WARN_COMMA = YES;
				CLANG_WARN_CONSTANT_CONVERSION = YES;
				CLANG_WARN_DEPRECATED_OBJC_IMPLEMENTATIONS = YES;
				CLANG_WARN_DIRECT_OBJC_ISA_USAGE = YES_ERROR;
				CLANG_WARN_DOCUMENTATION_COMMENTS = YES;
				CLANG_WARN_EMPTY_BODY = YES;
				CLANG_WARN_ENUM_CONVERSION = YES;
				CLANG_WARN_INFINITE_RECURSION = YES;
				CLANG_WARN_INT_CONVERSION = YES;
				CLANG_WARN_NON_LITERAL_NULL_CONVERSION = YES;
				CLANG_WARN_OBJC_IMPLICIT_RETAIN_SELF = YES;
				CLANG_WARN_OBJC_LITERAL_CONVERSION = YES;
				CLANG_WARN_OBJC_ROOT_CLASS = YES_ERROR;
				CLANG_WARN_QUOTED_INCLUDE_IN_FRAMEWORK_HEADER = YES;
				CLANG_WARN_RANGE_LOOP_ANALYSIS = YES;
				CLANG_WARN_STRICT_PROTOTYPES = YES;
				CLANG_WARN_SUSPICIOUS_MOVE = YES;
				CLANG_WARN_UNGUARDED_AVAILABILITY = YES_AGGRESSIVE;
				CLANG_WARN_UNREACHABLE_CODE = YES;
				CLANG_WARN__DUPLICATE_METHOD_MATCH = YES;
				COPY_PHASE_STRIP = NO;
				DEBUG_INFORMATION_FORMAT = "dwarf-with-dsym";
				ENABLE_NS_ASSERTIONS = NO;
				ENABLE_STRICT_OBJC_MSGSEND = YES;
				ENABLE_USER_SCRIPT_SANDBOXING = YES;
				GCC_C_LANGUAGE_STANDARD = gnu11;
				GCC_NO_COMMON_BLOCKS = YES;
				GCC_WARN_64_TO_32_BIT_CONVERSION = YES;
				GCC_WARN_ABOUT_RETURN_TYPE = YES_ERROR;
				GCC_WARN_UNDECLARED_SELECTOR = YES;
				GCC_WARN_UNINITIALIZED_AUTOS = YES_AGGRESSIVE;
				GCC_WARN_UNUSED_FUNCTION = YES;
				GCC_WARN_UNUSED_VARIABLE = YES;
				IPHONEOS_DEPLOYMENT_TARGET = 16.2;
				MTL_ENABLE_DEBUG_INFO = NO;
				MTL_FAST_MATH = YES;
				SDKROOT = iphoneos;
				SWIFT_COMPILATION_MODE = wholemodule;
				SWIFT_OPTIMIZATION_LEVEL = "-O";
				VALIDATE_PRODUCT = YES;
			};
			name = Release;
		};
		74C08B452B920565003A37F2 /* Debug */ = {
			isa = XCBuildConfiguration;
			buildSettings = {
				ASSETCATALOG_COMPILER_APPICON_NAME = AppIcon;
				ASSETCATALOG_COMPILER_GLOBAL_ACCENT_COLOR_NAME = AccentColor;
				CODE_SIGN_STYLE = Automatic;
				CURRENT_PROJECT_VERSION = 1;
				DEVELOPMENT_ASSET_PATHS = "\"MovieRank/Preview Content\"";
				ENABLE_PREVIEWS = YES;
				GENERATE_INFOPLIST_FILE = YES;
				INFOPLIST_KEY_UIApplicationSceneManifest_Generation = YES;
				INFOPLIST_KEY_UIApplicationSupportsIndirectInputEvents = YES;
				INFOPLIST_KEY_UILaunchScreen_Generation = YES;
				INFOPLIST_KEY_UISupportedInterfaceOrientations_iPad = "UIInterfaceOrientationPortrait UIInterfaceOrientationPortraitUpsideDown UIInterfaceOrientationLandscapeLeft UIInterfaceOrientationLandscapeRight";
				INFOPLIST_KEY_UISupportedInterfaceOrientations_iPhone = "UIInterfaceOrientationPortrait UIInterfaceOrientationLandscapeLeft UIInterfaceOrientationLandscapeRight";
				LD_RUNPATH_SEARCH_PATHS = (
					"$(inherited)",
					"@executable_path/Frameworks",
				);
				MARKETING_VERSION = 1.0;
				PRODUCT_BUNDLE_IDENTIFIER = com.rusakovich.MovieRank;
				PRODUCT_NAME = "$(TARGET_NAME)";
				SWIFT_EMIT_LOC_STRINGS = YES;
				SWIFT_VERSION = 5.0;
				TARGETED_DEVICE_FAMILY = "1,2";
			};
			name = Debug;
		};
		74C08B462B920565003A37F2 /* Release */ = {
			isa = XCBuildConfiguration;
			buildSettings = {
				ASSETCATALOG_COMPILER_APPICON_NAME = AppIcon;
				ASSETCATALOG_COMPILER_GLOBAL_ACCENT_COLOR_NAME = AccentColor;
				CODE_SIGN_STYLE = Automatic;
				CURRENT_PROJECT_VERSION = 1;
				DEVELOPMENT_ASSET_PATHS = "\"MovieRank/Preview Content\"";
				ENABLE_PREVIEWS = YES;
				GENERATE_INFOPLIST_FILE = YES;
				INFOPLIST_KEY_UIApplicationSceneManifest_Generation = YES;
				INFOPLIST_KEY_UIApplicationSupportsIndirectInputEvents = YES;
				INFOPLIST_KEY_UILaunchScreen_Generation = YES;
				INFOPLIST_KEY_UISupportedInterfaceOrientations_iPad = "UIInterfaceOrientationPortrait UIInterfaceOrientationPortraitUpsideDown UIInterfaceOrientationLandscapeLeft UIInterfaceOrientationLandscapeRight";
				INFOPLIST_KEY_UISupportedInterfaceOrientations_iPhone = "UIInterfaceOrientationPortrait UIInterfaceOrientationLandscapeLeft UIInterfaceOrientationLandscapeRight";
				LD_RUNPATH_SEARCH_PATHS = (
					"$(inherited)",
					"@executable_path/Frameworks",
				);
				MARKETING_VERSION = 1.0;
				PRODUCT_BUNDLE_IDENTIFIER = com.rusakovich.MovieRank;
				PRODUCT_NAME = "$(TARGET_NAME)";
				SWIFT_EMIT_LOC_STRINGS = YES;
				SWIFT_VERSION = 5.0;
				TARGETED_DEVICE_FAMILY = "1,2";
			};
			name = Release;
		};
/* End XCBuildConfiguration section */

/* Begin XCConfigurationList section */
		74C08B312B920563003A37F2 /* Build configuration list for PBXProject "MovieRank" */ = {
			isa = XCConfigurationList;
			buildConfigurations = (
				74C08B422B920565003A37F2 /* Debug */,
				74C08B432B920565003A37F2 /* Release */,
			);
			defaultConfigurationIsVisible = 0;
			defaultConfigurationName = Release;
		};
		74C08B442B920565003A37F2 /* Build configuration list for PBXNativeTarget "MovieRank" */ = {
			isa = XCConfigurationList;
			buildConfigurations = (
				74C08B452B920565003A37F2 /* Debug */,
				74C08B462B920565003A37F2 /* Release */,
			);
			defaultConfigurationIsVisible = 0;
			defaultConfigurationName = Release;
		};
/* End XCConfigurationList section */

/* Begin XCRemoteSwiftPackageReference section */
		74C08B492B9206BF003A37F2 /* XCRemoteSwiftPackageReference "firebase-ios-sdk" */ = {
			isa = XCRemoteSwiftPackageReference;
			repositoryURL = "https://github.com/firebase/firebase-ios-sdk.git";
			requirement = {
				kind = upToNextMajorVersion;
				minimumVersion = 10.0.0;
			};
		};
/* End XCRemoteSwiftPackageReference section */

/* Begin XCSwiftPackageProductDependency section */
		7447B91C2B94959100F6B601 /* FirebaseFirestoreSwift */ = {
			isa = XCSwiftPackageProductDependency;
			package = 74C08B492B9206BF003A37F2 /* XCRemoteSwiftPackageReference "firebase-ios-sdk" */;
			productName = FirebaseFirestoreSwift;
		};
		74C08B4A2B9206BF003A37F2 /* FirebaseAnalytics */ = {
			isa = XCSwiftPackageProductDependency;
			package = 74C08B492B9206BF003A37F2 /* XCRemoteSwiftPackageReference "firebase-ios-sdk" */;
			productName = FirebaseAnalytics;
		};
		74C08B4C2B9206BF003A37F2 /* FirebaseAuth */ = {
			isa = XCSwiftPackageProductDependency;
			package = 74C08B492B9206BF003A37F2 /* XCRemoteSwiftPackageReference "firebase-ios-sdk" */;
			productName = FirebaseAuth;
		};
/* End XCSwiftPackageProductDependency section */
	};
	rootObject = 74C08B2E2B920563003A37F2 /* Project object */;
}
